
Microsoft Visual Studio Solution File, Format Version 12.00
# Visual Studio 15
VisualStudioVersion = 15.0.28307.136
MinimumVisualStudioVersion = 10.0.40219.1
Project("{FAE04EC0-301F-11D3-BF4B-00C04F79EFBC}") = "Joint_Project", "Joint_Project\Joint_Project.csproj", "{6136BCEB-45A9-4E78-9154-EC78AB7C3A2C}"
EndProject
Global
	GlobalSection(SolutionConfigurationPlatforms) = preSolution
		Debug|Any CPU = Debug|Any CPU
		Release|Any CPU = Release|Any CPU
	EndGlobalSection
	GlobalSection(ProjectConfigurationPlatforms) = postSolution
		{6136BCEB-45A9-4E78-9154-EC78AB7C3A2C}.Debug|Any CPU.ActiveCfg = Debug|Any CPU
		{6136BCEB-45A9-4E78-9154-EC78AB7C3A2C}.Debug|Any CPU.Build.0 = Debug|Any CPU
		{6136BCEB-45A9-4E78-9154-EC78AB7C3A2C}.Release|Any CPU.ActiveCfg = Release|Any CPU
		{6136BCEB-45A9-4E78-9154-EC78AB7C3A2C}.Release|Any CPU.Build.0 = Release|Any CPU
	EndGlobalSection
	GlobalSection(SolutionProperties) = preSolution
		HideSolutionNode = FALSE
	EndGlobalSection
	GlobalSection(ExtensibilityGlobals) = postSolution
		SolutionGuid = {A298EBEC-BD59-4BE2-8CEC-FF18F3667BF0}
	EndGlobalSection
EndGlobal
